
Microsoft Visual Studio Solution File, Format Version 12.00
# Visual Studio Version 17
VisualStudioVersion = 17.4.33213.308
MinimumVisualStudioVersion = 10.0.40219.1
Project("{8BC9CEB8-8B4A-11D0-8D11-00A0C91BC942}") = "FPBooleanOperationsProject", "FPBooleanOperationsProject\FPBooleanOperationsProject.vcxproj", "{BF51FA66-5DE0-46E3-A2BB-B0DAA87B2D69}"
EndProject
Global
	GlobalSection(SolutionConfigurationPlatforms) = preSolution
		Debug|x64 = Debug|x64
		Debug|x86 = Debug|x86
		Release|x64 = Release|x64
		Release|x86 = Release|x86
	EndGlobalSection
	GlobalSection(ProjectConfigurationPlatforms) = postSolution
		{BF51FA66-5DE0-46E3-A2BB-B0DAA87B2D69}.Debug|x64.ActiveCfg = Debug|x64
		{BF51FA66-5DE0-46E3-A2BB-B0DAA87B2D69}.Debug|x64.Build.0 = Debug|x64
		{BF51FA66-5DE0-46E3-A2BB-B0DAA87B2D69}.Debug|x86.ActiveCfg = Debug|Win32
		{BF51FA66-5DE0-46E3-A2BB-B0DAA87B2D69}.Debug|x86.Build.0 = Debug|Win32
		{BF51FA66-5DE0-46E3-A2BB-B0DAA87B2D69}.Release|x64.ActiveCfg = Release|x64
		{BF51FA66-5DE0-46E3-A2BB-B0DAA87B2D69}.Release|x64.Build.0 = Release|x64
		{BF51FA66-5DE0-46E3-A2BB-B0DAA87B2D69}.Release|x86.ActiveCfg = Release|Win32
		{BF51FA66-5DE0-46E3-A2BB-B0DAA87B2D69}.Release|x86.Build.0 = Release|Win32
	EndGlobalSection
	GlobalSection(SolutionProperties) = preSolution
		HideSolutionNode = FALSE
	EndGlobalSection
	GlobalSection(ExtensibilityGlobals) = postSolution
		SolutionGuid = {7AE0640A-3142-4836-86E3-6DA4DE813C8E}
	EndGlobalSection
EndGlobal
